{
  "requires": true,
  "lockfileVersion": 1,
  "dependencies": {
    "dot-prop": {
      "version": "5.2.0",
      "resolved": "https://registry.npmjs.org/dot-prop/-/dot-prop-5.2.0.tgz",
      "integrity": "sha512-uEUyaDKoSQ1M4Oq8l45hSE26SnTxL6snNnqvK/VWx5wJhmff5z0FUVJDKDanor/6w3kzE3i7XZOk+7wC0EXr1A==",
      "requires": {
        "is-obj": "^2.0.0"
      }
    },
    "inflection": {
      "version": "1.12.0",
      "resolved": "https://registry.npmjs.org/inflection/-/inflection-1.12.0.tgz",
      "integrity": "sha1-ogCTVlbW9fa8TcdQLhrstwMihBY="
    },
    "is-obj": {
      "version": "2.0.0",
      "resolved": "https://registry.npmjs.org/is-obj/-/is-obj-2.0.0.tgz",
      "integrity": "sha512-drqDG3cbczxxEJRoOXcOjtdp1J/lyp1mNn0xaznRs8+muBhgQcrnbspox5X5fOw0HnMnbfDzvnEMEtqDEJEo8w=="
    },
    "json-schema-to-es-mapping": {
      "version": "0.3.6",
      "resolved": "https://registry.npmjs.org/json-schema-to-es-mapping/-/json-schema-to-es-mapping-0.3.6.tgz",
      "integrity": "sha512-cq2uwXY9oML1Rz4vxjcCimi/U4DEJmA8uX9I2QGAwIIF5ZDf970E9odprzp89tA5wsnv1e8SUS0hNeSSb6NDeg==",
      "requires": {
        "dot-prop": "^5.0.0",
        "inflection": "^1.12.0"
      }
    }
  }
}
